
Microsoft Visual Studio Solution File, Format Version 12.00
# Visual Studio 14
VisualStudioVersion = 14.0.25029.0
MinimumVisualStudioVersion = 10.0.40219.1
Project("{2150E333-8FDC-42A3-9474-1A3956D46DE8}") = "src", "src", "{A1085240-730E-405D-A569-9DFABEF1C227}"
EndProject
Project("{2150E333-8FDC-42A3-9474-1A3956D46DE8}") = "Solution Items", "Solution Items", "{13028476-E9EF-4568-863C-CA358C7FB93B}"
	ProjectSection(SolutionItems) = preProject
		global.json = global.json
	EndProjectSection
EndProject
Project("{8BB2217D-0F2D-49D1-97BC-3654ED321F3B}") = "Xproj+CsprojWithProjectJson", "src\Xproj+CsprojWithProjectJson\Xproj+CsprojWithProjectJson.xproj", "{38B00B90-CC25-4F8D-856C-97681DEB40D2}"
EndProject
Project("{FAE04EC0-301F-11D3-BF4B-00C04F79EFBC}") = "ClassLibraryWithProjectJson", "ClassLibraryWithProjectJson\ClassLibraryWithProjectJson.csproj", "{07688A76-2411-472C-B0AD-1D8326DAE26F}"
EndProject
Global
	GlobalSection(SolutionConfigurationPlatforms) = preSolution
		Debug|Any CPU = Debug|Any CPU
		Release|Any CPU = Release|Any CPU
	EndGlobalSection
	GlobalSection(ProjectConfigurationPlatforms) = postSolution
		{38B00B90-CC25-4F8D-856C-97681DEB40D2}.Debug|Any CPU.ActiveCfg = Debug|Any CPU
		{38B00B90-CC25-4F8D-856C-97681DEB40D2}.Debug|Any CPU.Build.0 = Debug|Any CPU
		{38B00B90-CC25-4F8D-856C-97681DEB40D2}.Release|Any CPU.ActiveCfg = Release|Any CPU
		{38B00B90-CC25-4F8D-856C-97681DEB40D2}.Release|Any CPU.Build.0 = Release|Any CPU
		{07688A76-2411-472C-B0AD-1D8326DAE26F}.Debug|Any CPU.ActiveCfg = Debug|Any CPU
		{07688A76-2411-472C-B0AD-1D8326DAE26F}.Debug|Any CPU.Build.0 = Debug|Any CPU
		{07688A76-2411-472C-B0AD-1D8326DAE26F}.Release|Any CPU.ActiveCfg = Release|Any CPU
		{07688A76-2411-472C-B0AD-1D8326DAE26F}.Release|Any CPU.Build.0 = Release|Any CPU
	EndGlobalSection
	GlobalSection(SolutionProperties) = preSolution
		HideSolutionNode = FALSE
	EndGlobalSection
	GlobalSection(NestedProjects) = preSolution
		{38B00B90-CC25-4F8D-856C-97681DEB40D2} = {A1085240-730E-405D-A569-9DFABEF1C227}
		{07688A76-2411-472C-B0AD-1D8326DAE26F} = {A1085240-730E-405D-A569-9DFABEF1C227}
	EndGlobalSection
EndGlobal
